{
  "name": "purescript-openjscad",
  "version": "1.0.0",
  "lockfileVersion": 2,
  "requires": true,
  "packages": {
    "": {
      "name": "purescript-openjscad",
      "version": "1.0.0",
      "license": "ISC",
      "dependencies": {
        "@jscad/modeling": "^2.6.1",
        "better-log": "^1.3.3",
        "g": "^2.0.1",
        "jscad": "^1.1.0"
      }
    },
    "node_modules/@jscad/modeling": {
      "version": "2.6.1",
      "resolved": "https://registry.npmjs.org/@jscad/modeling/-/modeling-2.6.1.tgz",
      "integrity": "sha512-bUMccSiBW7r6vajozqHC33GACJIezH8x/0XXNbbZWAWAkfVarRzPz+KIazsX7rouoDDkzrTrWWJxJ5HDbwWvFg=="
    },
    "node_modules/better-log": {
      "version": "1.3.3",
      "resolved": "https://registry.npmjs.org/better-log/-/better-log-1.3.3.tgz",
      "integrity": "sha1-IZocA4Oo+cRBaJfto6z5tNaZDo8="
    },
    "node_modules/g": {
      "version": "2.0.1",
      "resolved": "https://registry.npmjs.org/g/-/g-2.0.1.tgz",
      "integrity": "sha1-C1lj69DKcOO8jGdmk0oCGCHIuFc="
    },
    "node_modules/jscad": {
      "version": "1.1.0",
      "resolved": "https://registry.npmjs.org/jscad/-/jscad-1.1.0.tgz",
      "integrity": "sha1-5Oq2MQm5SVUC7cuL7ceW2ZYtia0=",
      "dependencies": {
        "better-log": "^1.2.0",
        "g": "^2.0.0"
      },
      "bin": {
        "openjscad": "openjscad"
      }
    }
  },
  "dependencies": {
    "@jscad/modeling": {
      "version": "2.6.1",
      "resolved": "https://registry.npmjs.org/@jscad/modeling/-/modeling-2.6.1.tgz",
      "integrity": "sha512-bUMccSiBW7r6vajozqHC33GACJIezH8x/0XXNbbZWAWAkfVarRzPz+KIazsX7rouoDDkzrTrWWJxJ5HDbwWvFg=="
    },
    "better-log": {
      "version": "1.3.3",
      "resolved": "https://registry.npmjs.org/better-log/-/better-log-1.3.3.tgz",
      "integrity": "sha1-IZocA4Oo+cRBaJfto6z5tNaZDo8="
    },
    "g": {
      "version": "2.0.1",
      "resolved": "https://registry.npmjs.org/g/-/g-2.0.1.tgz",
      "integrity": "sha1-C1lj69DKcOO8jGdmk0oCGCHIuFc="
    },
    "jscad": {
      "version": "1.1.0",
      "resolved": "https://registry.npmjs.org/jscad/-/jscad-1.1.0.tgz",
      "integrity": "sha1-5Oq2MQm5SVUC7cuL7ceW2ZYtia0=",
      "requires": {
        "better-log": "^1.2.0",
        "g": "^2.0.0"
      }
    }
  }
}
